
Microsoft Visual Studio Solution File, Format Version 12.00
# Visual Studio Version 17
VisualStudioVersion = 17.9.34728.123
MinimumVisualStudioVersion = 10.0.40219.1
Project("{FAE04EC0-301F-11D3-BF4B-00C04F79EFBC}") = "MindValley", "MindValley\MindValley.csproj", "{CFC6B874-6362-4F1C-A01E-2CB867105203}"
EndProject
Global
	GlobalSection(SolutionConfigurationPlatforms) = preSolution
		Debug|Any CPU = Debug|Any CPU
		Release|Any CPU = Release|Any CPU
	EndGlobalSection
	GlobalSection(ProjectConfigurationPlatforms) = postSolution
		{CFC6B874-6362-4F1C-A01E-2CB867105203}.Debug|Any CPU.ActiveCfg = Debug|Any CPU
		{CFC6B874-6362-4F1C-A01E-2CB867105203}.Debug|Any CPU.Build.0 = Debug|Any CPU
		{CFC6B874-6362-4F1C-A01E-2CB867105203}.Release|Any CPU.ActiveCfg = Release|Any CPU
		{CFC6B874-6362-4F1C-A01E-2CB867105203}.Release|Any CPU.Build.0 = Release|Any CPU
	EndGlobalSection
	GlobalSection(SolutionProperties) = preSolution
		HideSolutionNode = FALSE
	EndGlobalSection
	GlobalSection(ExtensibilityGlobals) = postSolution
		SolutionGuid = {35156084-1A72-4861-91A1-E9AC0A5694A6}
	EndGlobalSection
EndGlobal
